
Microsoft Visual Studio Solution File, Format Version 12.00
# Visual Studio Version 17
VisualStudioVersion = 17.10.35122.118
MinimumVisualStudioVersion = 10.0.40219.1
Project("{FAE04EC0-301F-11D3-BF4B-00C04F79EFBC}") = "BCASRequireMates", "BCASRequireMates\BCASRequireMates.csproj", "{93928264-6960-47A2-9610-E1723C4A2FEC}"
EndProject
Global
	GlobalSection(SolutionConfigurationPlatforms) = preSolution
		Debug|Any CPU = Debug|Any CPU
		Release|Any CPU = Release|Any CPU
	EndGlobalSection
	GlobalSection(ProjectConfigurationPlatforms) = postSolution
		{93928264-6960-47A2-9610-E1723C4A2FEC}.Debug|Any CPU.ActiveCfg = Debug|Any CPU
		{93928264-6960-47A2-9610-E1723C4A2FEC}.Debug|Any CPU.Build.0 = Debug|Any CPU
		{93928264-6960-47A2-9610-E1723C4A2FEC}.Release|Any CPU.ActiveCfg = Release|Any CPU
		{93928264-6960-47A2-9610-E1723C4A2FEC}.Release|Any CPU.Build.0 = Release|Any CPU
	EndGlobalSection
	GlobalSection(SolutionProperties) = preSolution
		HideSolutionNode = FALSE
	EndGlobalSection
	GlobalSection(ExtensibilityGlobals) = postSolution
		SolutionGuid = {16278D7F-ACD3-4941-9745-45425EE588C3}
	EndGlobalSection
EndGlobal
